
Microsoft Visual Studio Solution File, Format Version 12.00
# Visual Studio Version 17
VisualStudioVersion = 17.0.31612.314
MinimumVisualStudioVersion = 10.0.40219.1
Project("{9A19103F-16F7-4668-BE54-9A1E7A4F7556}") = "Catalog.API", "Catalog.API\Catalog.API.csproj", "{92FDDE4C-D2B9-4C53-9671-DA8653B8EE4D}"
EndProject
Project("{E53339B2-1760-4266-BCC7-CA923CBCF16C}") = "docker-compose", "docker-compose.dcproj", "{0ED4A4AC-7C04-4502-A606-C961CFC378A3}"
EndProject
Project("{9A19103F-16F7-4668-BE54-9A1E7A4F7556}") = "Basket.API", "Basket.API\Basket.API.csproj", "{B6FF92AC-3312-4987-956F-391A6C96D96C}"
EndProject
Project("{FAE04EC0-301F-11D3-BF4B-00C04F79EFBC}") = "Discount.API", "Discount.API\Discount.API.csproj", "{0586CEEE-5570-42A5-94BE-DC3CC520B926}"
EndProject
Global
	GlobalSection(SolutionConfigurationPlatforms) = preSolution
		Debug|Any CPU = Debug|Any CPU
		Release|Any CPU = Release|Any CPU
	EndGlobalSection
	GlobalSection(ProjectConfigurationPlatforms) = postSolution
		{92FDDE4C-D2B9-4C53-9671-DA8653B8EE4D}.Debug|Any CPU.ActiveCfg = Debug|Any CPU
		{92FDDE4C-D2B9-4C53-9671-DA8653B8EE4D}.Debug|Any CPU.Build.0 = Debug|Any CPU
		{92FDDE4C-D2B9-4C53-9671-DA8653B8EE4D}.Release|Any CPU.ActiveCfg = Release|Any CPU
		{92FDDE4C-D2B9-4C53-9671-DA8653B8EE4D}.Release|Any CPU.Build.0 = Release|Any CPU
		{0ED4A4AC-7C04-4502-A606-C961CFC378A3}.Debug|Any CPU.ActiveCfg = Debug|Any CPU
		{0ED4A4AC-7C04-4502-A606-C961CFC378A3}.Debug|Any CPU.Build.0 = Debug|Any CPU
		{0ED4A4AC-7C04-4502-A606-C961CFC378A3}.Release|Any CPU.ActiveCfg = Release|Any CPU
		{0ED4A4AC-7C04-4502-A606-C961CFC378A3}.Release|Any CPU.Build.0 = Release|Any CPU
		{B6FF92AC-3312-4987-956F-391A6C96D96C}.Debug|Any CPU.ActiveCfg = Debug|Any CPU
		{B6FF92AC-3312-4987-956F-391A6C96D96C}.Debug|Any CPU.Build.0 = Debug|Any CPU
		{B6FF92AC-3312-4987-956F-391A6C96D96C}.Release|Any CPU.ActiveCfg = Release|Any CPU
		{B6FF92AC-3312-4987-956F-391A6C96D96C}.Release|Any CPU.Build.0 = Release|Any CPU
		{0586CEEE-5570-42A5-94BE-DC3CC520B926}.Debug|Any CPU.ActiveCfg = Debug|Any CPU
		{0586CEEE-5570-42A5-94BE-DC3CC520B926}.Debug|Any CPU.Build.0 = Debug|Any CPU
		{0586CEEE-5570-42A5-94BE-DC3CC520B926}.Release|Any CPU.ActiveCfg = Release|Any CPU
		{0586CEEE-5570-42A5-94BE-DC3CC520B926}.Release|Any CPU.Build.0 = Release|Any CPU
	EndGlobalSection
	GlobalSection(SolutionProperties) = preSolution
		HideSolutionNode = FALSE
	EndGlobalSection
	GlobalSection(ExtensibilityGlobals) = postSolution
		SolutionGuid = {33769A84-64BC-4A55-8AAA-29B0F13F29FE}
	EndGlobalSection
EndGlobal
